
Microsoft Visual Studio Solution File, Format Version 12.00
# Visual Studio 2012
Project("{FAE04EC0-301F-11D3-BF4B-00C04F79EFBC}") = "CommandLine", "..\src\CommandLine\CommandLine.csproj", "{B34A6632-E627-4B66-8E0A-D2DA3BC96893}"
EndProject
Project("{FAE04EC0-301F-11D3-BF4B-00C04F79EFBC}") = "Core", "..\src\Core\Core.csproj", "{F879F274-EFA0-4157-8404-33A19B4E6AEC}"
EndProject
Global
	GlobalSection(SolutionConfigurationPlatforms) = preSolution
		Debug|x86 = Debug|x86
		Release|x86 = Release|x86
	EndGlobalSection
	GlobalSection(ProjectConfigurationPlatforms) = postSolution
		{B34A6632-E627-4B66-8E0A-D2DA3BC96893}.Debug|x86.ActiveCfg = Debug|x86
		{B34A6632-E627-4B66-8E0A-D2DA3BC96893}.Debug|x86.Build.0 = Debug|x86
		{B34A6632-E627-4B66-8E0A-D2DA3BC96893}.Release|x86.ActiveCfg = Release|x86
		{B34A6632-E627-4B66-8E0A-D2DA3BC96893}.Release|x86.Build.0 = Release|x86
		{F879F274-EFA0-4157-8404-33A19B4E6AEC}.Debug|x86.ActiveCfg = Debug|Any CPU
		{F879F274-EFA0-4157-8404-33A19B4E6AEC}.Debug|x86.Build.0 = Debug|Any CPU
		{F879F274-EFA0-4157-8404-33A19B4E6AEC}.Release|x86.ActiveCfg = Debug|Any CPU
		{F879F274-EFA0-4157-8404-33A19B4E6AEC}.Release|x86.Build.0 = Debug|Any CPU
	EndGlobalSection
EndGlobal
